
Microsoft Visual Studio Solution File, Format Version 12.00
# Visual Studio Version 16
VisualStudioVersion = 16.0.29609.76
MinimumVisualStudioVersion = 10.0.40219.1
Project("{9A19103F-16F7-4668-BE54-9A1E7A4F7556}") = "lll", "lll.csproj", "{72415575-B7E2-4F1B-930B-3D71BE9E49F3}"
EndProject
Global
	GlobalSection(SolutionConfigurationPlatforms) = preSolution
		Debug|Any CPU = Debug|Any CPU
		Release|Any CPU = Release|Any CPU
	EndGlobalSection
	GlobalSection(ProjectConfigurationPlatforms) = postSolution
		{72415575-B7E2-4F1B-930B-3D71BE9E49F3}.Debug|Any CPU.ActiveCfg = Debug|Any CPU
		{72415575-B7E2-4F1B-930B-3D71BE9E49F3}.Debug|Any CPU.Build.0 = Debug|Any CPU
		{72415575-B7E2-4F1B-930B-3D71BE9E49F3}.Release|Any CPU.ActiveCfg = Release|Any CPU
		{72415575-B7E2-4F1B-930B-3D71BE9E49F3}.Release|Any CPU.Build.0 = Release|Any CPU
	EndGlobalSection
	GlobalSection(SolutionProperties) = preSolution
		HideSolutionNode = FALSE
	EndGlobalSection
	GlobalSection(ExtensibilityGlobals) = postSolution
		SolutionGuid = {775B91C1-D052-4784-9E14-E3D5B253A01D}
	EndGlobalSection
EndGlobal
